
Microsoft Visual Studio Solution File, Format Version 12.00
# Visual Studio Version 16
VisualStudioVersion = 16.0.31129.286
MinimumVisualStudioVersion = 10.0.40219.1
Project("{FAE04EC0-301F-11D3-BF4B-00C04F79EFBC}") = "DapperFormation", "DapperFormation\DapperFormation.csproj", "{98D171C1-0F96-4724-B048-DADEF13E1CC4}"
EndProject
Global
	GlobalSection(SolutionConfigurationPlatforms) = preSolution
		Debug|Any CPU = Debug|Any CPU
		Release|Any CPU = Release|Any CPU
	EndGlobalSection
	GlobalSection(ProjectConfigurationPlatforms) = postSolution
		{98D171C1-0F96-4724-B048-DADEF13E1CC4}.Debug|Any CPU.ActiveCfg = Debug|Any CPU
		{98D171C1-0F96-4724-B048-DADEF13E1CC4}.Debug|Any CPU.Build.0 = Debug|Any CPU
		{98D171C1-0F96-4724-B048-DADEF13E1CC4}.Release|Any CPU.ActiveCfg = Release|Any CPU
		{98D171C1-0F96-4724-B048-DADEF13E1CC4}.Release|Any CPU.Build.0 = Release|Any CPU
	EndGlobalSection
	GlobalSection(SolutionProperties) = preSolution
		HideSolutionNode = FALSE
	EndGlobalSection
	GlobalSection(ExtensibilityGlobals) = postSolution
		SolutionGuid = {A3187426-53F3-414E-BBF1-6E8D390AB9DA}
	EndGlobalSection
EndGlobal
